
Microsoft Visual Studio Solution File, Format Version 12.00
# Visual Studio Version 16
VisualStudioVersion = 16.0.32002.261
MinimumVisualStudioVersion = 10.0.40219.1
Project("{FAE04EC0-301F-11D3-BF4B-00C04F79EFBC}") = "TestCertiCamara", "TestCertiCamara\TestCertiCamara.csproj", "{C5A36F6B-29CF-4F80-92D9-723DF6B45AD8}"
EndProject
Global
	GlobalSection(SolutionConfigurationPlatforms) = preSolution
		Debug|Any CPU = Debug|Any CPU
		Release|Any CPU = Release|Any CPU
	EndGlobalSection
	GlobalSection(ProjectConfigurationPlatforms) = postSolution
		{C5A36F6B-29CF-4F80-92D9-723DF6B45AD8}.Debug|Any CPU.ActiveCfg = Debug|Any CPU
		{C5A36F6B-29CF-4F80-92D9-723DF6B45AD8}.Debug|Any CPU.Build.0 = Debug|Any CPU
		{C5A36F6B-29CF-4F80-92D9-723DF6B45AD8}.Release|Any CPU.ActiveCfg = Release|Any CPU
		{C5A36F6B-29CF-4F80-92D9-723DF6B45AD8}.Release|Any CPU.Build.0 = Release|Any CPU
	EndGlobalSection
	GlobalSection(SolutionProperties) = preSolution
		HideSolutionNode = FALSE
	EndGlobalSection
	GlobalSection(ExtensibilityGlobals) = postSolution
		SolutionGuid = {25C5C4CD-F5BF-48C9-87B2-F437C153F04D}
	EndGlobalSection
EndGlobal
